// !$*UTF8*$!
{
	archiveVersion = 1;
	classes = {
	};
	objectVersion = 56;
	objects = {

/* Begin PBXBuildFile section */
		3A114129294C506500CD28C6 /* InfoViewController.swift in Sources */ = {isa = PBXBuildFile; fileRef = 3A114128294C506500CD28C6 /* InfoViewController.swift */; };
		3A41637A29624CAF001AEB66 /* PostTableViewCell.swift in Sources */ = {isa = PBXBuildFile; fileRef = 3A41637929624CAF001AEB66 /* PostTableViewCell.swift */; };
		3A83255229667DAB00EDD1D9 /* PhotosTableViewCell.swift in Sources */ = {isa = PBXBuildFile; fileRef = 3A83255129667DAB00EDD1D9 /* PhotosTableViewCell.swift */; };
		3A83255429667DC200EDD1D9 /* PhotosViewController.swift in Sources */ = {isa = PBXBuildFile; fileRef = 3A83255329667DC200EDD1D9 /* PhotosViewController.swift */; };
		3A83255629667F5400EDD1D9 /* ProfileCollectionViewCell.swift in Sources */ = {isa = PBXBuildFile; fileRef = 3A83255529667F5400EDD1D9 /* ProfileCollectionViewCell.swift */; };
		3A83255829667FD000EDD1D9 /* PhotosNames.swift in Sources */ = {isa = PBXBuildFile; fileRef = 3A83255729667FD000EDD1D9 /* PhotosNames.swift */; };
		3A990C20294B157D001D0ECC /* AppDelegate.swift in Sources */ = {isa = PBXBuildFile; fileRef = 3A990C1F294B157D001D0ECC /* AppDelegate.swift */; };
		3A990C22294B157D001D0ECC /* SceneDelegate.swift in Sources */ = {isa = PBXBuildFile; fileRef = 3A990C21294B157D001D0ECC /* SceneDelegate.swift */; };
		3A990C27294B157D001D0ECC /* Main.storyboard in Resources */ = {isa = PBXBuildFile; fileRef = 3A990C25294B157D001D0ECC /* Main.storyboard */; };
		3A990C29294B157E001D0ECC /* Assets.xcassets in Resources */ = {isa = PBXBuildFile; fileRef = 3A990C28294B157E001D0ECC /* Assets.xcassets */; };
		3A990C2C294B157E001D0ECC /* LaunchScreen.storyboard in Resources */ = {isa = PBXBuildFile; fileRef = 3A990C2A294B157E001D0ECC /* LaunchScreen.storyboard */; };
		3A990C34294B15B1001D0ECC /* FeedViewController.swift in Sources */ = {isa = PBXBuildFile; fileRef = 3A990C33294B15B1001D0ECC /* FeedViewController.swift */; };
		3A990C36294B15B8001D0ECC /* PostViewController.swift in Sources */ = {isa = PBXBuildFile; fileRef = 3A990C35294B15B8001D0ECC /* PostViewController.swift */; };
		3A990C3A294B15C9001D0ECC /* Post.swift in Sources */ = {isa = PBXBuildFile; fileRef = 3A990C39294B15C9001D0ECC /* Post.swift */; };
		3AADE160295E9BAD009F9581 /* LoginViewController.swift in Sources */ = {isa = PBXBuildFile; fileRef = 3AADE15F295E9BAD009F9581 /* LoginViewController.swift */; };
		3AB6E24C2951B6AD00B07728 /* ProfileHeaderView.swift in Sources */ = {isa = PBXBuildFile; fileRef = 3AB6E24A2951B6AD00B07728 /* ProfileHeaderView.swift */; };
		3AB6E24D2951B6AD00B07728 /* ProfileViewController.swift in Sources */ = {isa = PBXBuildFile; fileRef = 3AB6E24B2951B6AD00B07728 /* ProfileViewController.swift */; };
/* End PBXBuildFile section */

/* Begin PBXFileReference section */
		3A114128294C506500CD28C6 /* InfoViewController.swift */ = {isa = PBXFileReference; lastKnownFileType = sourcecode.swift; path = InfoViewController.swift; sourceTree = "<group>"; };
		3A41637929624CAF001AEB66 /* PostTableViewCell.swift */ = {isa = PBXFileReference; lastKnownFileType = sourcecode.swift; path = PostTableViewCell.swift; sourceTree = "<group>"; };
		3A83255129667DAB00EDD1D9 /* PhotosTableViewCell.swift */ = {isa = PBXFileReference; lastKnownFileType = sourcecode.swift; path = PhotosTableViewCell.swift; sourceTree = "<group>"; };
		3A83255329667DC200EDD1D9 /* PhotosViewController.swift */ = {isa = PBXFileReference; lastKnownFileType = sourcecode.swift; path = PhotosViewController.swift; sourceTree = "<group>"; };
		3A83255529667F5400EDD1D9 /* ProfileCollectionViewCell.swift */ = {isa = PBXFileReference; lastKnownFileType = sourcecode.swift; path = ProfileCollectionViewCell.swift; sourceTree = "<group>"; };
		3A83255729667FD000EDD1D9 /* PhotosNames.swift */ = {isa = PBXFileReference; lastKnownFileType = sourcecode.swift; path = PhotosNames.swift; sourceTree = "<group>"; };
		3A990C1C294B157D001D0ECC /* Navigation.app */ = {isa = PBXFileReference; explicitFileType = wrapper.application; includeInIndex = 0; path = Navigation.app; sourceTree = BUILT_PRODUCTS_DIR; };
		3A990C1F294B157D001D0ECC /* AppDelegate.swift */ = {isa = PBXFileReference; lastKnownFileType = sourcecode.swift; path = AppDelegate.swift; sourceTree = "<group>"; };
		3A990C21294B157D001D0ECC /* SceneDelegate.swift */ = {isa = PBXFileReference; lastKnownFileType = sourcecode.swift; path = SceneDelegate.swift; sourceTree = "<group>"; };
		3A990C26294B157D001D0ECC /* Base */ = {isa = PBXFileReference; lastKnownFileType = file.storyboard; name = Base; path = Base.lproj/Main.storyboard; sourceTree = "<group>"; };
		3A990C28294B157E001D0ECC /* Assets.xcassets */ = {isa = PBXFileReference; lastKnownFileType = folder.assetcatalog; path = Assets.xcassets; sourceTree = "<group>"; };
		3A990C2B294B157E001D0ECC /* Base */ = {isa = PBXFileReference; lastKnownFileType = file.storyboard; name = Base; path = Base.lproj/LaunchScreen.storyboard; sourceTree = "<group>"; };
		3A990C2D294B157E001D0ECC /* Info.plist */ = {isa = PBXFileReference; lastKnownFileType = text.plist.xml; path = Info.plist; sourceTree = "<group>"; };
		3A990C33294B15B1001D0ECC /* FeedViewController.swift */ = {isa = PBXFileReference; lastKnownFileType = sourcecode.swift; path = FeedViewController.swift; sourceTree = "<group>"; };
		3A990C35294B15B8001D0ECC /* PostViewController.swift */ = {isa = PBXFileReference; lastKnownFileType = sourcecode.swift; path = PostViewController.swift; sourceTree = "<group>"; };
		3A990C39294B15C9001D0ECC /* Post.swift */ = {isa = PBXFileReference; lastKnownFileType = sourcecode.swift; path = Post.swift; sourceTree = "<group>"; };
		3AADE15F295E9BAD009F9581 /* LoginViewController.swift */ = {isa = PBXFileReference; lastKnownFileType = sourcecode.swift; path = LoginViewController.swift; sourceTree = "<group>"; };
		3AB6E24A2951B6AD00B07728 /* ProfileHeaderView.swift */ = {isa = PBXFileReference; fileEncoding = 4; lastKnownFileType = sourcecode.swift; path = ProfileHeaderView.swift; sourceTree = "<group>"; };
		3AB6E24B2951B6AD00B07728 /* ProfileViewController.swift */ = {isa = PBXFileReference; fileEncoding = 4; lastKnownFileType = sourcecode.swift; path = ProfileViewController.swift; sourceTree = "<group>"; };
/* End PBXFileReference section */

/* Begin PBXFrameworksBuildPhase section */
		3A990C19294B157D001D0ECC /* Frameworks */ = {
			isa = PBXFrameworksBuildPhase;
			buildActionMask = 2147483647;
			files = (
			);
			runOnlyForDeploymentPostprocessing = 0;
		};
/* End PBXFrameworksBuildPhase section */

/* Begin PBXGroup section */
		3A990C13294B157D001D0ECC = {
			isa = PBXGroup;
			children = (
				3A990C1E294B157D001D0ECC /* Navigation */,
				3A990C1D294B157D001D0ECC /* Products */,
			);
			sourceTree = "<group>";
		};
		3A990C1D294B157D001D0ECC /* Products */ = {
			isa = PBXGroup;
			children = (
				3A990C1C294B157D001D0ECC /* Navigation.app */,
			);
			name = Products;
			sourceTree = "<group>";
		};
		3A990C1E294B157D001D0ECC /* Navigation */ = {
			isa = PBXGroup;
			children = (
				3AB6E2492951B6AD00B07728 /* Profile */,
				3A990C1F294B157D001D0ECC /* AppDelegate.swift */,
				3A990C21294B157D001D0ECC /* SceneDelegate.swift */,
				3A990C33294B15B1001D0ECC /* FeedViewController.swift */,
				3A990C35294B15B8001D0ECC /* PostViewController.swift */,
				3A114128294C506500CD28C6 /* InfoViewController.swift */,
				3A990C39294B15C9001D0ECC /* Post.swift */,
				3A990C25294B157D001D0ECC /* Main.storyboard */,
				3A990C28294B157E001D0ECC /* Assets.xcassets */,
				3A990C2A294B157E001D0ECC /* LaunchScreen.storyboard */,
				3A990C2D294B157E001D0ECC /* Info.plist */,
			);
			path = Navigation;
			sourceTree = "<group>";
		};
		3AB6E2492951B6AD00B07728 /* Profile */ = {
			isa = PBXGroup;
			children = (
				3AB6E24A2951B6AD00B07728 /* ProfileHeaderView.swift */,
				3AB6E24B2951B6AD00B07728 /* ProfileViewController.swift */,
				3AADE15F295E9BAD009F9581 /* LoginViewController.swift */,
				3A41637929624CAF001AEB66 /* PostTableViewCell.swift */,
				3A83255129667DAB00EDD1D9 /* PhotosTableViewCell.swift */,
				3A83255329667DC200EDD1D9 /* PhotosViewController.swift */,
				3A83255529667F5400EDD1D9 /* ProfileCollectionViewCell.swift */,
				3A83255729667FD000EDD1D9 /* PhotosNames.swift */,
			);
			path = Profile;
			sourceTree = "<group>";
		};
/* End PBXGroup section */

/* Begin PBXNativeTarget section */
		3A990C1B294B157D001D0ECC /* Navigation */ = {
			isa = PBXNativeTarget;
			buildConfigurationList = 3A990C30294B157E001D0ECC /* Build configuration list for PBXNativeTarget "Navigation" */;
			buildPhases = (
				3A990C18294B157D001D0ECC /* Sources */,
				3A990C19294B157D001D0ECC /* Frameworks */,
				3A990C1A294B157D001D0ECC /* Resources */,
			);
			buildRules = (
			);
			dependencies = (
			);
			name = Navigation;
			productName = Navigation;
			productReference = 3A990C1C294B157D001D0ECC /* Navigation.app */;
			productType = "com.apple.product-type.application";
		};
/* End PBXNativeTarget section */

/* Begin PBXProject section */
		3A990C14294B157D001D0ECC /* Project object */ = {
			isa = PBXProject;
			attributes = {
				BuildIndependentTargetsInParallel = 1;
				LastSwiftUpdateCheck = 1410;
				LastUpgradeCheck = 1410;
				TargetAttributes = {
					3A990C1B294B157D001D0ECC = {
						CreatedOnToolsVersion = 14.1;
					};
				};
			};
			buildConfigurationList = 3A990C17294B157D001D0ECC /* Build configuration list for PBXProject "Navigation" */;
			compatibilityVersion = "Xcode 14.0";
			developmentRegion = en;
			hasScannedForEncodings = 0;
			knownRegions = (
				en,
				Base,
			);
			mainGroup = 3A990C13294B157D001D0ECC;
			productRefGroup = 3A990C1D294B157D001D0ECC /* Products */;
			projectDirPath = "";
			projectRoot = "";
			targets = (
				3A990C1B294B157D001D0ECC /* Navigation */,
			);
		};
/* End PBXProject section */

/* Begin PBXResourcesBuildPhase section */
		3A990C1A294B157D001D0ECC /* Resources */ = {
			isa = PBXResourcesBuildPhase;
			buildActionMask = 2147483647;
			files = (
				3A990C2C294B157E001D0ECC /* LaunchScreen.storyboard in Resources */,
				3A990C29294B157E001D0ECC /* Assets.xcassets in Resources */,
				3A990C27294B157D001D0ECC /* Main.storyboard in Resources */,
			);
			runOnlyForDeploymentPostprocessing = 0;
		};
/* End PBXResourcesBuildPhase section */

/* Begin PBXSourcesBuildPhase section */
		3A990C18294B157D001D0ECC /* Sources */ = {
			isa = PBXSourcesBuildPhase;
			buildActionMask = 2147483647;
			files = (
				3AADE160295E9BAD009F9581 /* LoginViewController.swift in Sources */,
				3A990C36294B15B8001D0ECC /* PostViewController.swift in Sources */,
				3A990C20294B157D001D0ECC /* AppDelegate.swift in Sources */,
				3A83255229667DAB00EDD1D9 /* PhotosTableViewCell.swift in Sources */,
				3A114129294C506500CD28C6 /* InfoViewController.swift in Sources */,
				3A990C3A294B15C9001D0ECC /* Post.swift in Sources */,
				3AB6E24C2951B6AD00B07728 /* ProfileHeaderView.swift in Sources */,
				3A41637A29624CAF001AEB66 /* PostTableViewCell.swift in Sources */,
				3A83255629667F5400EDD1D9 /* ProfileCollectionViewCell.swift in Sources */,
				3A990C34294B15B1001D0ECC /* FeedViewController.swift in Sources */,
				3A83255429667DC200EDD1D9 /* PhotosViewController.swift in Sources */,
				3A83255829667FD000EDD1D9 /* PhotosNames.swift in Sources */,
				3AB6E24D2951B6AD00B07728 /* ProfileViewController.swift in Sources */,
				3A990C22294B157D001D0ECC /* SceneDelegate.swift in Sources */,
			);
			runOnlyForDeploymentPostprocessing = 0;
		};
/* End PBXSourcesBuildPhase section */

/* Begin PBXVariantGroup section */
		3A990C25294B157D001D0ECC /* Main.storyboard */ = {
			isa = PBXVariantGroup;
			children = (
				3A990C26294B157D001D0ECC /* Base */,
			);
			name = Main.storyboard;
			sourceTree = "<group>";
		};
		3A990C2A294B157E001D0ECC /* LaunchScreen.storyboard */ = {
			isa = PBXVariantGroup;
			children = (
				3A990C2B294B157E001D0ECC /* Base */,
			);
			name = LaunchScreen.storyboard;
			sourceTree = "<group>";
		};
/* End PBXVariantGroup section */

/* Begin XCBuildConfiguration section */
		3A990C2E294B157E001D0ECC /* Debug */ = {
			isa = XCBuildConfiguration;
			buildSettings = {
				ALWAYS_SEARCH_USER_PATHS = NO;
				CLANG_ANALYZER_NONNULL = YES;
				CLANG_ANALYZER_NUMBER_OBJECT_CONVERSION = YES_AGGRESSIVE;
				CLANG_CXX_LANGUAGE_STANDARD = "gnu++20";
				CLANG_ENABLE_MODULES = YES;
				CLANG_ENABLE_OBJC_ARC = YES;
				CLANG_ENABLE_OBJC_WEAK = YES;
				CLANG_WARN_BLOCK_CAPTURE_AUTORELEASING = YES;
				CLANG_WARN_BOOL_CONVERSION = YES;
				CLANG_WARN_COMMA = YES;
				CLANG_WARN_CONSTANT_CONVERSION = YES;
				CLANG_WARN_DEPRECATED_OBJC_IMPLEMENTATIONS = YES;
				CLANG_WARN_DIRECT_OBJC_ISA_USAGE = YES_ERROR;
				CLANG_WARN_DOCUMENTATION_COMMENTS = YES;
				CLANG_WARN_EMPTY_BODY = YES;
				CLANG_WARN_ENUM_CONVERSION = YES;
				CLANG_WARN_INFINITE_RECURSION = YES;
				CLANG_WARN_INT_CONVERSION = YES;
				CLANG_WARN_NON_LITERAL_NULL_CONVERSION = YES;
				CLANG_WARN_OBJC_IMPLICIT_RETAIN_SELF = YES;
				CLANG_WARN_OBJC_LITERAL_CONVERSION = YES;
				CLANG_WARN_OBJC_ROOT_CLASS = YES_ERROR;
				CLANG_WARN_QUOTED_INCLUDE_IN_FRAMEWORK_HEADER = YES;
				CLANG_WARN_RANGE_LOOP_ANALYSIS = YES;
				CLANG_WARN_STRICT_PROTOTYPES = YES;
				CLANG_WARN_SUSPICIOUS_MOVE = YES;
				CLANG_WARN_UNGUARDED_AVAILABILITY = YES_AGGRESSIVE;
				CLANG_WARN_UNREACHABLE_CODE = YES;
				CLANG_WARN__DUPLICATE_METHOD_MATCH = YES;
				COPY_PHASE_STRIP = NO;
				DEBUG_INFORMATION_FORMAT = dwarf;
				ENABLE_STRICT_OBJC_MSGSEND = YES;
				ENABLE_TESTABILITY = YES;
				GCC_C_LANGUAGE_STANDARD = gnu11;
				GCC_DYNAMIC_NO_PIC = NO;
				GCC_NO_COMMON_BLOCKS = YES;
				GCC_OPTIMIZATION_LEVEL = 0;
				GCC_PREPROCESSOR_DEFINITIONS = (
					"DEBUG=1",
					"$(inherited)",
				);
				GCC_WARN_64_TO_32_BIT_CONVERSION = YES;
				GCC_WARN_ABOUT_RETURN_TYPE = YES_ERROR;
				GCC_WARN_UNDECLARED_SELECTOR = YES;
				GCC_WARN_UNINITIALIZED_AUTOS = YES_AGGRESSIVE;
				GCC_WARN_UNUSED_FUNCTION = YES;
				GCC_WARN_UNUSED_VARIABLE = YES;
				IPHONEOS_DEPLOYMENT_TARGET = 16.1;
				MTL_ENABLE_DEBUG_INFO = INCLUDE_SOURCE;
				MTL_FAST_MATH = YES;
				ONLY_ACTIVE_ARCH = YES;
				SDKROOT = iphoneos;
				SWIFT_ACTIVE_COMPILATION_CONDITIONS = DEBUG;
				SWIFT_OPTIMIZATION_LEVEL = "-Onone";
			};
			name = Debug;
		};
		3A990C2F294B157E001D0ECC /* Release */ = {
			isa = XCBuildConfiguration;
			buildSettings = {
				ALWAYS_SEARCH_USER_PATHS = NO;
				CLANG_ANALYZER_NONNULL = YES;
				CLANG_ANALYZER_NUMBER_OBJECT_CONVERSION = YES_AGGRESSIVE;
				CLANG_CXX_LANGUAGE_STANDARD = "gnu++20";
				CLANG_ENABLE_MODULES = YES;
				CLANG_ENABLE_OBJC_ARC = YES;
				CLANG_ENABLE_OBJC_WEAK = YES;
				CLANG_WARN_BLOCK_CAPTURE_AUTORELEASING = YES;
				CLANG_WARN_BOOL_CONVERSION = YES;
				CLANG_WARN_COMMA = YES;
				CLANG_WARN_CONSTANT_CONVERSION = YES;
				CLANG_WARN_DEPRECATED_OBJC_IMPLEMENTATIONS = YES;
				CLANG_WARN_DIRECT_OBJC_ISA_USAGE = YES_ERROR;
				CLANG_WARN_DOCUMENTATION_COMMENTS = YES;
				CLANG_WARN_EMPTY_BODY = YES;
				CLANG_WARN_ENUM_CONVERSION = YES;
				CLANG_WARN_INFINITE_RECURSION = YES;
				CLANG_WARN_INT_CONVERSION = YES;
				CLANG_WARN_NON_LITERAL_NULL_CONVERSION = YES;
				CLANG_WARN_OBJC_IMPLICIT_RETAIN_SELF = YES;
				CLANG_WARN_OBJC_LITERAL_CONVERSION = YES;
				CLANG_WARN_OBJC_ROOT_CLASS = YES_ERROR;
				CLANG_WARN_QUOTED_INCLUDE_IN_FRAMEWORK_HEADER = YES;
				CLANG_WARN_RANGE_LOOP_ANALYSIS = YES;
				CLANG_WARN_STRICT_PROTOTYPES = YES;
				CLANG_WARN_SUSPICIOUS_MOVE = YES;
				CLANG_WARN_UNGUARDED_AVAILABILITY = YES_AGGRESSIVE;
				CLANG_WARN_UNREACHABLE_CODE = YES;
				CLANG_WARN__DUPLICATE_METHOD_MATCH = YES;
				COPY_PHASE_STRIP = NO;
				DEBUG_INFORMATION_FORMAT = "dwarf-with-dsym";
				ENABLE_NS_ASSERTIONS = NO;
				ENABLE_STRICT_OBJC_MSGSEND = YES;
				GCC_C_LANGUAGE_STANDARD = gnu11;
				GCC_NO_COMMON_BLOCKS = YES;
				GCC_WARN_64_TO_32_BIT_CONVERSION = YES;
				GCC_WARN_ABOUT_RETURN_TYPE = YES_ERROR;
				GCC_WARN_UNDECLARED_SELECTOR = YES;
				GCC_WARN_UNINITIALIZED_AUTOS = YES_AGGRESSIVE;
				GCC_WARN_UNUSED_FUNCTION = YES;
				GCC_WARN_UNUSED_VARIABLE = YES;
				IPHONEOS_DEPLOYMENT_TARGET = 16.1;
				MTL_ENABLE_DEBUG_INFO = NO;
				MTL_FAST_MATH = YES;
				SDKROOT = iphoneos;
				SWIFT_COMPILATION_MODE = wholemodule;
				SWIFT_OPTIMIZATION_LEVEL = "-O";
				VALIDATE_PRODUCT = YES;
			};
			name = Release;
		};
		3A990C31294B157E001D0ECC /* Debug */ = {
			isa = XCBuildConfiguration;
			buildSettings = {
				ASSETCATALOG_COMPILER_GLOBAL_ACCENT_COLOR_NAME = AccentColor;
				CODE_SIGN_ENTITLEMENTS = Navigation/Navigation.entitlements;
				CODE_SIGN_IDENTITY = "Apple Development";
				CODE_SIGN_STYLE = Automatic;
				CURRENT_PROJECT_VERSION = 1;
				DEVELOPMENT_TEAM = 9D7PN847XA;
				GENERATE_INFOPLIST_FILE = YES;
				INFOPLIST_FILE = Navigation/Info.plist;
				INFOPLIST_KEY_CFBundleDisplayName = Navigation;
				INFOPLIST_KEY_UIApplicationSupportsIndirectInputEvents = YES;
				INFOPLIST_KEY_UILaunchStoryboardName = "А";
				INFOPLIST_KEY_UIMainStoryboardFile = "";
				INFOPLIST_KEY_UIStatusBarStyle = "";
				INFOPLIST_KEY_UISupportedInterfaceOrientations = UIInterfaceOrientationPortrait;
				INFOPLIST_KEY_UISupportedInterfaceOrientations_iPad = "UIInterfaceOrientationPortrait UIInterfaceOrientationPortraitUpsideDown";
				LD_RUNPATH_SEARCH_PATHS = (
					"$(inherited)",
					"@executable_path/Frameworks",
				);
				MARKETING_VERSION = 1.0;
				PRODUCT_BUNDLE_IDENTIFIER = ru.beliybear.Navigation;
				PRODUCT_NAME = "$(TARGET_NAME)";
				PROVISIONING_PROFILE_SPECIFIER = "";
				SUPPORTED_PLATFORMS = "iphoneos iphonesimulator";
				SUPPORTS_MACCATALYST = NO;
				SUPPORTS_MAC_DESIGNED_FOR_IPHONE_IPAD = YES;
				SWIFT_EMIT_LOC_STRINGS = YES;
				SWIFT_VERSION = 5.0;
				TARGETED_DEVICE_FAMILY = "1,2";
			};
			name = Debug;
		};
		3A990C32294B157E001D0ECC /* Release */ = {
			isa = XCBuildConfiguration;
			buildSettings = {
				ASSETCATALOG_COMPILER_GLOBAL_ACCENT_COLOR_NAME = AccentColor;
				CODE_SIGN_ENTITLEMENTS = Navigation/Navigation.entitlements;
				CODE_SIGN_IDENTITY = "Apple Development";
				CODE_SIGN_STYLE = Automatic;
				CURRENT_PROJECT_VERSION = 1;
				DEVELOPMENT_TEAM = 9D7PN847XA;
				GENERATE_INFOPLIST_FILE = YES;
				INFOPLIST_FILE = Navigation/Info.plist;
				INFOPLIST_KEY_CFBundleDisplayName = Navigation;
				INFOPLIST_KEY_UIApplicationSupportsIndirectInputEvents = YES;
				INFOPLIST_KEY_UILaunchStoryboardName = "А";
				INFOPLIST_KEY_UIMainStoryboardFile = "";
				INFOPLIST_KEY_UIStatusBarStyle = "";
				INFOPLIST_KEY_UISupportedInterfaceOrientations = UIInterfaceOrientationPortrait;
				INFOPLIST_KEY_UISupportedInterfaceOrientations_iPad = "UIInterfaceOrientationPortrait UIInterfaceOrientationPortraitUpsideDown";
				LD_RUNPATH_SEARCH_PATHS = (
					"$(inherited)",
					"@executable_path/Frameworks",
				);
				MARKETING_VERSION = 1.0;
				PRODUCT_BUNDLE_IDENTIFIER = ru.beliybear.Navigation;
				PRODUCT_NAME = "$(TARGET_NAME)";
				PROVISIONING_PROFILE_SPECIFIER = "";
				SUPPORTED_PLATFORMS = "iphoneos iphonesimulator";
				SUPPORTS_MACCATALYST = NO;
				SUPPORTS_MAC_DESIGNED_FOR_IPHONE_IPAD = YES;
				SWIFT_EMIT_LOC_STRINGS = YES;
				SWIFT_VERSION = 5.0;
				TARGETED_DEVICE_FAMILY = "1,2";
			};
			name = Release;
		};
/* End XCBuildConfiguration section */

/* Begin XCConfigurationList section */
		3A990C17294B157D001D0ECC /* Build configuration list for PBXProject "Navigation" */ = {
			isa = XCConfigurationList;
			buildConfigurations = (
				3A990C2E294B157E001D0ECC /* Debug */,
				3A990C2F294B157E001D0ECC /* Release */,
			);
			defaultConfigurationIsVisible = 0;
			defaultConfigurationName = Release;
		};
		3A990C30294B157E001D0ECC /* Build configuration list for PBXNativeTarget "Navigation" */ = {
			isa = XCConfigurationList;
			buildConfigurations = (
				3A990C31294B157E001D0ECC /* Debug */,
				3A990C32294B157E001D0ECC /* Release */,
			);
			defaultConfigurationIsVisible = 0;
			defaultConfigurationName = Release;
		};
/* End XCConfigurationList section */
	};
	rootObject = 3A990C14294B157D001D0ECC /* Project object */;
}
